
Microsoft Visual Studio Solution File, Format Version 12.00
# Visual Studio 15
VisualStudioVersion = 15.0.27703.2026
MinimumVisualStudioVersion = 10.0.40219.1
Project("{9A19103F-16F7-4668-BE54-9A1E7A4F7556}") = "DotNetty.Codecs.MessagePack", "DotNetty.Codecs.MessagePack\DotNetty.Codecs.MessagePack.csproj", "{626D0A9C-E487-4116-93B0-F658F913DBDB}"
EndProject
Global
	GlobalSection(SolutionConfigurationPlatforms) = preSolution
		Debug|Any CPU = Debug|Any CPU
		Release|Any CPU = Release|Any CPU
	EndGlobalSection
	GlobalSection(ProjectConfigurationPlatforms) = postSolution
		{626D0A9C-E487-4116-93B0-F658F913DBDB}.Debug|Any CPU.ActiveCfg = Debug|Any CPU
		{626D0A9C-E487-4116-93B0-F658F913DBDB}.Debug|Any CPU.Build.0 = Debug|Any CPU
		{626D0A9C-E487-4116-93B0-F658F913DBDB}.Release|Any CPU.ActiveCfg = Release|Any CPU
		{626D0A9C-E487-4116-93B0-F658F913DBDB}.Release|Any CPU.Build.0 = Release|Any CPU
	EndGlobalSection
	GlobalSection(SolutionProperties) = preSolution
		HideSolutionNode = FALSE
	EndGlobalSection
	GlobalSection(ExtensibilityGlobals) = postSolution
		SolutionGuid = {7A5F4A7C-B252-43E7-8CEF-A51707AF5636}
	EndGlobalSection
EndGlobal
